<Solution>
  <Folder Name="/src/">
    <Project Path="src/SuikodenHdSaveEditor.App/SuikodenHdSaveEditor.App.csproj" />
    <Project Path="src/SuikodenHdSaveEditor.Core/SuikodenHdSaveEditor.Core.csproj" />
    <Project Path="src/SuikodenHdSaveEditor.Formats.Suikoden1/SuikodenHdSaveEditor.Formats.Suikoden1.csproj" />
    <Project Path="src/SuikodenHdSaveEditor.Formats.Suikoden2/SuikodenHdSaveEditor.Formats.Suikoden2.csproj" />
  </Folder>
  <Folder Name="/tests/">
    <Project Path="tests/SuikodenHdSaveEditor.App.Tests/SuikodenHdSaveEditor.App.Tests.csproj" />
    <Project Path="tests/SuikodenHdSaveEditor.Core.Tests/SuikodenHdSaveEditor.Core.Tests.csproj" />
    <Project Path="tests/SuikodenHdSaveEditor.Suikoden1.Tests/SuikodenHdSaveEditor.Suikoden1.Tests.csproj" />
    <Project Path="tests/SuikodenHdSaveEditor.Suikoden2.Tests/SuikodenHdSaveEditor.Suikoden2.Tests.csproj" />
  </Folder>
</Solution>
